Microsoft Visual Studio Solution File, Format Version 11.00
# Visual Studio 2008

Project("{9CFF3C81-EDF6-F925-5EF1-50297855441D}") = "SpaisShuter", "Assembly-CSharp.csproj", "{49E77506-C92E-4B55-BC12-C95448ADFBB7}"
EndProject
Global
	GlobalSection(SolutionConfigurationPlatforms) = preSolution
		Debug|Any CPU = Debug|Any CPU
		Release|Any CPU = Release|Any CPU
	EndGlobalSection
	GlobalSection(ProjectConfigurationPlatforms) = postSolution
		{49E77506-C92E-4B55-BC12-C95448ADFBB7}.Debug|Any CPU.ActiveCfg = Debug|Any CPU
		{49E77506-C92E-4B55-BC12-C95448ADFBB7}.Debug|Any CPU.Build.0 = Debug|Any CPU
		{49E77506-C92E-4B55-BC12-C95448ADFBB7}.Release|Any CPU.ActiveCfg = Release|Any CPU
		{49E77506-C92E-4B55-BC12-C95448ADFBB7}.Release|Any CPU.Build.0 = Release|Any CPU
	EndGlobalSection
	GlobalSection(SolutionProperties) = preSolution
		HideSolutionNode = FALSE
	EndGlobalSection
	GlobalSection(MonoDevelopProperties) = preSolution
		StartupItem = Assembly-CSharp.csproj
	EndGlobalSection
EndGlobal
